
Microsoft Visual Studio Solution File, Format Version 12.00
# Visual Studio 2013
VisualStudioVersion = 12.0.30501.0
MinimumVisualStudioVersion = 10.0.40219.1
Project("{FAE04EC0-301F-11D3-BF4B-00C04F79EFBC}") = "ExcelToJson", "ExcelToJson\ExcelToJson.csproj", "{21CB4466-86B1-49B3-BEC5-0D5F69106BFD}"
EndProject
Project("{FAE04EC0-301F-11D3-BF4B-00C04F79EFBC}") = "Excel2Json", "Excel2Json\Excel2Json.csproj", "{D89DA99D-DA55-462B-8D46-87801B04A4A3}"
EndProject
Global
	GlobalSection(SolutionConfigurationPlatforms) = preSolution
		Debug|Any CPU = Debug|Any CPU
		Release|Any CPU = Release|Any CPU
	EndGlobalSection
	GlobalSection(ProjectConfigurationPlatforms) = postSolution
		{21CB4466-86B1-49B3-BEC5-0D5F69106BFD}.Debug|Any CPU.ActiveCfg = Debug|Any CPU
		{21CB4466-86B1-49B3-BEC5-0D5F69106BFD}.Debug|Any CPU.Build.0 = Debug|Any CPU
		{21CB4466-86B1-49B3-BEC5-0D5F69106BFD}.Release|Any CPU.ActiveCfg = Release|Any CPU
		{21CB4466-86B1-49B3-BEC5-0D5F69106BFD}.Release|Any CPU.Build.0 = Release|Any CPU
		{D89DA99D-DA55-462B-8D46-87801B04A4A3}.Debug|Any CPU.ActiveCfg = Debug|Any CPU
		{D89DA99D-DA55-462B-8D46-87801B04A4A3}.Debug|Any CPU.Build.0 = Debug|Any CPU
		{D89DA99D-DA55-462B-8D46-87801B04A4A3}.Release|Any CPU.ActiveCfg = Release|Any CPU
		{D89DA99D-DA55-462B-8D46-87801B04A4A3}.Release|Any CPU.Build.0 = Release|Any CPU
	EndGlobalSection
	GlobalSection(SolutionProperties) = preSolution
		HideSolutionNode = FALSE
	EndGlobalSection
EndGlobal
